
Microsoft Visual Studio Solution File, Format Version 12.00
# Visual Studio Version 17
VisualStudioVersion = 17.12.35707.178
MinimumVisualStudioVersion = 10.0.40219.1
Project("{FAE04EC0-301F-11D3-BF4B-00C04F79EFBC}") = "pokemonBack", "pokemonBack\pokemonBack\pokemonBack.csproj", "{C0FB4354-33A6-4B18-A3F3-C25E5635F73C}"
EndProject
Project("{2150E333-8FDC-42A3-9474-1A3956D46DE8}") = "API", "API", "{70DDE300-2250-4DD6-A06E-54D1127832AC}"
EndProject
Project("{2150E333-8FDC-42A3-9474-1A3956D46DE8}") = "Servicios", "Servicios", "{30190C82-64A9-4765-A432-CC6763285C6D}"
EndProject
Project("{2150E333-8FDC-42A3-9474-1A3956D46DE8}") = "Repositorios", "Repositorios", "{85164F7E-1B09-46A1-96F9-B650C527DDB8}"
EndProject
Project("{2150E333-8FDC-42A3-9474-1A3956D46DE8}") = "Dependencias", "Dependencias", "{4CEB7D71-893A-4768-BD19-D2F1EF4C040B}"
EndProject
Project("{FAE04EC0-301F-11D3-BF4B-00C04F79EFBC}") = "Pokemon.Dependencies", "Pokemosn.Dependencies\Pokemon.Dependencies.csproj", "{A4AAAFB5-F827-4429-B763-EA29A0846389}"
EndProject
Project("{FAE04EC0-301F-11D3-BF4B-00C04F79EFBC}") = "Pokemon.Repositorys", "Pokemon.Repositorys\Pokemon.Repositorys.csproj", "{0D95E6E3-5CBE-40F3-9C80-B2CFE2A8AE91}"
EndProject
Project("{FAE04EC0-301F-11D3-BF4B-00C04F79EFBC}") = "Pokemon.Services", "Pokemon.Services\Pokemon.Services.csproj", "{130073AA-F412-4A35-9828-E6AEE24D0E0C}"
EndProject
Project("{2150E333-8FDC-42A3-9474-1A3956D46DE8}") = "Entities", "Entities", "{3E17766E-3718-40EA-9289-3C2B9EB8A81E}"
EndProject
Project("{FAE04EC0-301F-11D3-BF4B-00C04F79EFBC}") = "Entities", "Entities\Entities.csproj", "{E84B31F2-21C7-4E89-B651-B66C4DD53D07}"
EndProject
Global
	GlobalSection(SolutionConfigurationPlatforms) = preSolution
		Debug|Any CPU = Debug|Any CPU
		Release|Any CPU = Release|Any CPU
	EndGlobalSection
	GlobalSection(ProjectConfigurationPlatforms) = postSolution
		{C0FB4354-33A6-4B18-A3F3-C25E5635F73C}.Debug|Any CPU.ActiveCfg = Debug|Any CPU
		{C0FB4354-33A6-4B18-A3F3-C25E5635F73C}.Debug|Any CPU.Build.0 = Debug|Any CPU
		{C0FB4354-33A6-4B18-A3F3-C25E5635F73C}.Release|Any CPU.ActiveCfg = Release|Any CPU
		{C0FB4354-33A6-4B18-A3F3-C25E5635F73C}.Release|Any CPU.Build.0 = Release|Any CPU
		{A4AAAFB5-F827-4429-B763-EA29A0846389}.Debug|Any CPU.ActiveCfg = Debug|Any CPU
		{A4AAAFB5-F827-4429-B763-EA29A0846389}.Debug|Any CPU.Build.0 = Debug|Any CPU
		{A4AAAFB5-F827-4429-B763-EA29A0846389}.Release|Any CPU.ActiveCfg = Release|Any CPU
		{A4AAAFB5-F827-4429-B763-EA29A0846389}.Release|Any CPU.Build.0 = Release|Any CPU
		{0D95E6E3-5CBE-40F3-9C80-B2CFE2A8AE91}.Debug|Any CPU.ActiveCfg = Debug|Any CPU
		{0D95E6E3-5CBE-40F3-9C80-B2CFE2A8AE91}.Debug|Any CPU.Build.0 = Debug|Any CPU
		{0D95E6E3-5CBE-40F3-9C80-B2CFE2A8AE91}.Release|Any CPU.ActiveCfg = Release|Any CPU
		{0D95E6E3-5CBE-40F3-9C80-B2CFE2A8AE91}.Release|Any CPU.Build.0 = Release|Any CPU
		{130073AA-F412-4A35-9828-E6AEE24D0E0C}.Debug|Any CPU.ActiveCfg = Debug|Any CPU
		{130073AA-F412-4A35-9828-E6AEE24D0E0C}.Debug|Any CPU.Build.0 = Debug|Any CPU
		{130073AA-F412-4A35-9828-E6AEE24D0E0C}.Release|Any CPU.ActiveCfg = Release|Any CPU
		{130073AA-F412-4A35-9828-E6AEE24D0E0C}.Release|Any CPU.Build.0 = Release|Any CPU
		{E84B31F2-21C7-4E89-B651-B66C4DD53D07}.Debug|Any CPU.ActiveCfg = Debug|Any CPU
		{E84B31F2-21C7-4E89-B651-B66C4DD53D07}.Debug|Any CPU.Build.0 = Debug|Any CPU
		{E84B31F2-21C7-4E89-B651-B66C4DD53D07}.Release|Any CPU.ActiveCfg = Release|Any CPU
		{E84B31F2-21C7-4E89-B651-B66C4DD53D07}.Release|Any CPU.Build.0 = Release|Any CPU
	EndGlobalSection
	GlobalSection(SolutionProperties) = preSolution
		HideSolutionNode = FALSE
	EndGlobalSection
	GlobalSection(NestedProjects) = preSolution
		{C0FB4354-33A6-4B18-A3F3-C25E5635F73C} = {70DDE300-2250-4DD6-A06E-54D1127832AC}
		{A4AAAFB5-F827-4429-B763-EA29A0846389} = {4CEB7D71-893A-4768-BD19-D2F1EF4C040B}
		{0D95E6E3-5CBE-40F3-9C80-B2CFE2A8AE91} = {85164F7E-1B09-46A1-96F9-B650C527DDB8}
		{130073AA-F412-4A35-9828-E6AEE24D0E0C} = {30190C82-64A9-4765-A432-CC6763285C6D}
		{E84B31F2-21C7-4E89-B651-B66C4DD53D07} = {3E17766E-3718-40EA-9289-3C2B9EB8A81E}
	EndGlobalSection
EndGlobal
